
Microsoft Visual Studio Solution File, Format Version 12.00
# Visual Studio Version 17
VisualStudioVersion = 17.10.35027.167
MinimumVisualStudioVersion = 10.0.40219.1
Project("{FAE04EC0-301F-11D3-BF4B-00C04F79EFBC}") = "InvoiceInfo", "InvoiceInfo\InvoiceInfo.csproj", "{99AA6096-483B-477D-8E54-E4819EC3D027}"
EndProject
Global
	GlobalSection(SolutionConfigurationPlatforms) = preSolution
		Debug|Any CPU = Debug|Any CPU
		Release|Any CPU = Release|Any CPU
	EndGlobalSection
	GlobalSection(ProjectConfigurationPlatforms) = postSolution
		{99AA6096-483B-477D-8E54-E4819EC3D027}.Debug|Any CPU.ActiveCfg = Debug|Any CPU
		{99AA6096-483B-477D-8E54-E4819EC3D027}.Debug|Any CPU.Build.0 = Debug|Any CPU
		{99AA6096-483B-477D-8E54-E4819EC3D027}.Release|Any CPU.ActiveCfg = Release|Any CPU
		{99AA6096-483B-477D-8E54-E4819EC3D027}.Release|Any CPU.Build.0 = Release|Any CPU
	EndGlobalSection
	GlobalSection(SolutionProperties) = preSolution
		HideSolutionNode = FALSE
	EndGlobalSection
	GlobalSection(ExtensibilityGlobals) = postSolution
		SolutionGuid = {049C1790-7A92-460C-A966-4248580BFFAA}
	EndGlobalSection
EndGlobal
